PODS:
  - cryptography_flutter (0.2.0):
    - FlutterMacOS
  - file_saver (0.0.1):
    - FlutterMacOS
  - flutter_archive (0.0.1):
    - FlutterMacOS
    - ZIPFoundation (= 0.9.19)
  - FlutterMacOS (1.0.0)
  - ObjectBox (2.0.0)
  - objectbox_flutter_libs (0.0.1):
    - FlutterMacOS
    - ObjectBox (= 2.0.0)
  - package_info_plus (0.0.1):
    - FlutterMacOS
  - path_provider_foundation (0.0.1):
    - Flutter
    - FlutterMacOS
  - share_plus (0.0.1):
    - FlutterMacOS
  - shared_preferences_foundation (0.0.1):
    - Flutter
    - FlutterMacOS
  - ZIPFoundation (0.9.19)

DEPENDENCIES:
  - cryptography_flutter (from `Flutter/ephemeral/.symlinks/plugins/cryptography_flutter/macos`)
  - file_saver (from `Flutter/ephemeral/.symlinks/plugins/file_saver/macos`)
  - flutter_archive (from `Flutter/ephemeral/.symlinks/plugins/flutter_archive/macos`)
  - FlutterMacOS (from `Flutter/ephemeral`)
  - objectbox_flutter_libs (from `Flutter/ephemeral/.symlinks/plugins/objectbox_flutter_libs/macos`)
  - package_info_plus (from `Flutter/ephemeral/.symlinks/plugins/package_info_plus/macos`)
  - path_provider_foundation (from `Flutter/ephemeral/.symlinks/plugins/path_provider_foundation/darwin`)
  - share_plus (from `Flutter/ephemeral/.symlinks/plugins/share_plus/macos`)
  - shared_preferences_foundation (from `Flutter/ephemeral/.symlinks/plugins/shared_preferences_foundation/darwin`)

SPEC REPOS:
  trunk:
    - ObjectBox
    - ZIPFoundation

EXTERNAL SOURCES:
  cryptography_flutter:
    :path: Flutter/ephemeral/.symlinks/plugins/cryptography_flutter/macos
  file_saver:
    :path: Flutter/ephemeral/.symlinks/plugins/file_saver/macos
  flutter_archive:
    :path: Flutter/ephemeral/.symlinks/plugins/flutter_archive/macos
  FlutterMacOS:
    :path: Flutter/ephemeral
  objectbox_flutter_libs:
    :path: Flutter/ephemeral/.symlinks/plugins/objectbox_flutter_libs/macos
  package_info_plus:
    :path: Flutter/ephemeral/.symlinks/plugins/package_info_plus/macos
  path_provider_foundation:
    :path: Flutter/ephemeral/.symlinks/plugins/path_provider_foundation/darwin
  share_plus:
    :path: Flutter/ephemeral/.symlinks/plugins/share_plus/macos
  shared_preferences_foundation:
    :path: Flutter/ephemeral/.symlinks/plugins/shared_preferences_foundation/darwin

SPEC CHECKSUMS:
  cryptography_flutter: c9fa581b52e6fe19475432b6f44489c387f61e19
  file_saver: 44e6fbf666677faf097302460e214e977fdd977b
  flutter_archive: 52a43c0bc9d310d2fdfc5c54c7d7ccf4c624bc9a
  FlutterMacOS: 8f6f14fa908a6fb3fba0cd85dbd81ec4b251fb24
  ObjectBox: f5319bd9ad2ea960796eff7227e86471867e9ef0
  objectbox_flutter_libs: 8ce2ac829cfbbc62ad4764a0d219786d098b1afa
  package_info_plus: fa739dd842b393193c5ca93c26798dff6e3d0e0c
  path_provider_foundation: 2b6b4c569c0fb62ec74538f866245ac84301af46
  share_plus: 36537c04ce0c3e3f5bd297ce4318b6d5ee5fd6cf
  shared_preferences_foundation: fcdcbc04712aee1108ac7fda236f363274528f78
  ZIPFoundation: b8c29ea7ae353b309bc810586181fd073cb3312c

PODFILE CHECKSUM: f0c21717cb7ee9112f915044c74bfceb5b12e02a

COCOAPODS: 1.15.2
